
Microsoft Visual Studio Solution File, Format Version 12.00
# Visual Studio Version 17
VisualStudioVersion = 17.8.34309.116
MinimumVisualStudioVersion = 10.0.40219.1
Project("{9A19103F-16F7-4668-BE54-9A1E7A4F7556}") = "CarHaulingAnalytics", "CarHaulingAnalytics.csproj", "{1155F3C3-D03D-444B-9D51-69E07A40F12E}"
EndProject
Global
	GlobalSection(SolutionConfigurationPlatforms) = preSolution
		Debug|Any CPU = Debug|Any CPU
		Release|Any CPU = Release|Any CPU
	EndGlobalSection
	GlobalSection(ProjectConfigurationPlatforms) = postSolution
		{1155F3C3-D03D-444B-9D51-69E07A40F12E}.Debug|Any CPU.ActiveCfg = Debug|Any CPU
		{1155F3C3-D03D-444B-9D51-69E07A40F12E}.Debug|Any CPU.Build.0 = Debug|Any CPU
		{1155F3C3-D03D-444B-9D51-69E07A40F12E}.Release|Any CPU.ActiveCfg = Release|Any CPU
		{1155F3C3-D03D-444B-9D51-69E07A40F12E}.Release|Any CPU.Build.0 = Release|Any CPU
	EndGlobalSection
	GlobalSection(SolutionProperties) = preSolution
		HideSolutionNode = FALSE
	EndGlobalSection
	GlobalSection(ExtensibilityGlobals) = postSolution
		SolutionGuid = {7C1187E9-ACDE-4AF4-8FBD-13E27A81E0FC}
	EndGlobalSection
EndGlobal
